{
  "version": 4,
  "terraform_version": "1.2.0",
  "serial": 3,
  "lineage": "4a0476c5-1e44-4108-0c9c-66c31601d911",
  "outputs": {
    "public_ip": {
      "value": "54.89.133.43",
      "type": "string"
    }
  },
  "resources": [
    {
      "mode": "managed",
      "type": "aws_instance",
      "name": "machine",
      "provider": "provider[\"registry.terraform.io/hashicorp/aws\"]",
      "instances": [
        {
          "schema_version": 1,
          "attributes": {
            "ami": "ami-00874d747dde814fa",
            "arn": "arn:aws:ec2:us-east-1:714297341551:instance/i-089af97ce0af05d3a",
            "associate_public_ip_address": true,
            "availability_zone": "us-east-1e",
            "capacity_reservation_specification": [
              {
                "capacity_reservation_preference": "open",
                "capacity_reservation_target": []
              }
            ],
            "cpu_core_count": 1,
            "cpu_threads_per_core": 1,
            "credit_specification": [
              {
                "cpu_credits": "standard"
              }
            ],
            "disable_api_stop": false,
            "disable_api_termination": false,
            "ebs_block_device": [],
            "ebs_optimized": false,
            "enclave_options": [
              {
                "enabled": false
              }
            ],
            "ephemeral_block_device": [],
            "get_password_data": false,
            "hibernation": false,
            "host_id": "",
            "host_resource_group_arn": null,
            "iam_instance_profile": "",
            "id": "i-089af97ce0af05d3a",
            "instance_initiated_shutdown_behavior": "stop",
            "instance_state": "running",
            "instance_type": "t2.micro",
            "ipv6_address_count": 0,
            "ipv6_addresses": [],
            "key_name": "cdktftempkey",
            "launch_template": [],
            "maintenance_options": [
              {
                "auto_recovery": "default"
              }
            ],
            "metadata_options": [
              {
                "http_endpoint": "enabled",
                "http_put_response_hop_limit": 1,
                "http_tokens": "optional",
                "instance_metadata_tags": "disabled"
              }
            ],
            "monitoring": false,
            "network_interface": [],
            "outpost_arn": "",
            "password_data": "",
            "placement_group": "",
            "placement_partition_number": 0,
            "primary_network_interface_id": "eni-0f3c22c7db8da7a7b",
            "private_dns": "ip-172-31-60-111.ec2.internal",
            "private_dns_name_options": [
              {
                "enable_resource_name_dns_a_record": false,
                "enable_resource_name_dns_aaaa_record": false,
                "hostname_type": "ip-name"
              }
            ],
            "private_ip": "172.31.60.111",
            "public_dns": "ec2-54-89-133-43.compute-1.amazonaws.com",
            "public_ip": "54.89.133.43",
            "root_block_device": [
              {
                "delete_on_termination": true,
                "device_name": "/dev/sda1",
                "encrypted": false,
                "iops": 100,
                "kms_key_id": "",
                "tags": {},
                "throughput": 0,
                "volume_id": "vol-08ae9d7618a3ac2e4",
                "volume_size": 8,
                "volume_type": "gp2"
              }
            ],
            "secondary_private_ips": [],
            "security_groups": [
              "default"
            ],
            "source_dest_check": true,
            "subnet_id": "subnet-08ab18df81fcf6159",
            "tags": null,
            "tags_all": {},
            "tenancy": "default",
            "timeouts": null,
            "user_data": null,
            "user_data_base64": null,
            "user_data_replace_on_change": false,
            "volume_tags": null,
            "vpc_security_group_ids": [
              "sg-00d7e4f3aa0af4fc4"
            ]
          },
          "sensitive_attributes": [],
          "private": "eyJlMmJmYjczMC1lY2FhLTExZTYtOGY4OC0zNDM2M2JjN2M0YzAiOnsiY3JlYXRlIjo2MDAwMDAwMDAwMDAsImRlbGV0ZSI6MTIwMDAwMDAwMDAwMCwidXBkYXRlIjo2MDAwMDAwMDAwMDB9LCJzY2hlbWFfdmVyc2lvbiI6IjEifQ==",
          "dependencies": [
            "aws_key_pair.keypair"
          ]
        }
      ]
    },
    {
      "mode": "managed",
      "type": "aws_key_pair",
      "name": "keypair",
      "provider": "provider[\"registry.terraform.io/hashicorp/aws\"]",
      "instances": [
        {
          "schema_version": 1,
          "attributes": {
            "arn": "arn:aws:ec2:us-east-1:714297341551:key-pair/cdktftempkey",
            "fingerprint": "04:e6:2e:82:2b:47:e8:44:22:61:42:17:60:9d:99:f3",
            "id": "cdktftempkey",
            "key_name": "cdktftempkey",
            "key_name_prefix": "",
            "key_pair_id": "key-03d7d114bb6e05f7c",
            "key_type": "rsa",
            "public_key": "ssh-rsa AAAAB3NzaC1yc2EAAAADAQABAAABgQDiSK6c40pJUUBAY9enGpH3UOi5DbCZWe9kC2RlQz5PG7giK6JgcHaIMAwQI907dLh7C80DdJjtk5SJUmU+xgpW6gTlgACu1M2hror/uKaKx0G86T5vnoIoPRVR3v4u0FAg/Okqz2zcvWj5KegwwJW8aMYnNashgKG3lQjlhS5nw+FcKHHBtQ6IevmVtRapOJZ3h42RD3fAuzg4M0eKDxrcqGixh6oV6xmepR2j6RC/pF7NFE4Rsy8upkV9D1C2Keit3IJKxxVulOQZGa5D09uPOsr+gS6wmiKDMZA3UIrZlm/1vuiE264ZZv81vuUBJPxFZWQpQL1tY8PiMlakLXHUeMbiS1FGrcKuklBAHQqOzvMWNlOwOVibzeYEJ3ESaX5vYrDPYijV5lje+5Z1u8xvWy3dsUDisGsT2qNf2j3Ip4RIdtbzUeAds3fisi+0RnseukXuHHQb3CBCUV42VxgJlIdfIUzWaYyot7wek7SgjzsVYaRniT/bi3zYWLfixis= root@14c9399102bc",
            "tags": null,
            "tags_all": {}
          },
          "sensitive_attributes": [],
          "private": "eyJzY2hlbWFfdmVyc2lvbiI6IjEifQ=="
        }
      ]
    }
  ]
}
